
Microsoft Visual Studio Solution File, Format Version 12.00
# Visual Studio Version 16
VisualStudioVersion = 16.0.31624.102
MinimumVisualStudioVersion = 10.0.40219.1
Project("{FAE04EC0-301F-11D3-BF4B-00C04F79EFBC}") = "Senai_filme_webAPI", "Senai_filme_webAPI\Senai_filme_webAPI.csproj", "{982062DA-16DC-41C2-8852-4EF79015CD74}"
EndProject
Global
	GlobalSection(SolutionConfigurationPlatforms) = preSolution
		Debug|Any CPU = Debug|Any CPU
		Release|Any CPU = Release|Any CPU
	EndGlobalSection
	GlobalSection(ProjectConfigurationPlatforms) = postSolution
		{982062DA-16DC-41C2-8852-4EF79015CD74}.Debug|Any CPU.ActiveCfg = Debug|Any CPU
		{982062DA-16DC-41C2-8852-4EF79015CD74}.Debug|Any CPU.Build.0 = Debug|Any CPU
		{982062DA-16DC-41C2-8852-4EF79015CD74}.Release|Any CPU.ActiveCfg = Release|Any CPU
		{982062DA-16DC-41C2-8852-4EF79015CD74}.Release|Any CPU.Build.0 = Release|Any CPU
	EndGlobalSection
	GlobalSection(SolutionProperties) = preSolution
		HideSolutionNode = FALSE
	EndGlobalSection
	GlobalSection(ExtensibilityGlobals) = postSolution
		SolutionGuid = {8407B6B3-C2FB-49A7-BA07-696FC1095646}
	EndGlobalSection
EndGlobal
